
Microsoft Visual Studio Solution File, Format Version 12.00
# Visual Studio Version 17
VisualStudioVersion = 17.2.32630.192
MinimumVisualStudioVersion = 10.0.40219.1
Project("{FAE04EC0-301F-11D3-BF4B-00C04F79EFBC}") = "WebApiParqueo", "WebApiParqueo\WebApiParqueo.csproj", "{B85D1220-E694-4518-B46F-918A4D1FBB93}"
EndProject
Project("{FAE04EC0-301F-11D3-BF4B-00C04F79EFBC}") = "BusinessLogic", "BusinessLogic\BusinessLogic.csproj", "{EE54E87A-EE3A-485A-9AB6-8AE1BC877FCC}"
EndProject
Project("{FAE04EC0-301F-11D3-BF4B-00C04F79EFBC}") = "DataAccess", "DataAccess\DataAccess.csproj", "{B1A404B5-8799-4DCC-B840-B9CDF6AFBB61}"
EndProject
Project("{FAE04EC0-301F-11D3-BF4B-00C04F79EFBC}") = "Models", "Models\Models.csproj", "{30A5C195-4D27-4356-9BEE-DAAC3CF3774B}"
EndProject
Global
	GlobalSection(SolutionConfigurationPlatforms) = preSolution
		Debug|Any CPU = Debug|Any CPU
		Release|Any CPU = Release|Any CPU
	EndGlobalSection
	GlobalSection(ProjectConfigurationPlatforms) = postSolution
		{B85D1220-E694-4518-B46F-918A4D1FBB93}.Debug|Any CPU.ActiveCfg = Debug|Any CPU
		{B85D1220-E694-4518-B46F-918A4D1FBB93}.Debug|Any CPU.Build.0 = Debug|Any CPU
		{B85D1220-E694-4518-B46F-918A4D1FBB93}.Release|Any CPU.ActiveCfg = Release|Any CPU
		{B85D1220-E694-4518-B46F-918A4D1FBB93}.Release|Any CPU.Build.0 = Release|Any CPU
		{EE54E87A-EE3A-485A-9AB6-8AE1BC877FCC}.Debug|Any CPU.ActiveCfg = Debug|Any CPU
		{EE54E87A-EE3A-485A-9AB6-8AE1BC877FCC}.Debug|Any CPU.Build.0 = Debug|Any CPU
		{EE54E87A-EE3A-485A-9AB6-8AE1BC877FCC}.Release|Any CPU.ActiveCfg = Release|Any CPU
		{EE54E87A-EE3A-485A-9AB6-8AE1BC877FCC}.Release|Any CPU.Build.0 = Release|Any CPU
		{B1A404B5-8799-4DCC-B840-B9CDF6AFBB61}.Debug|Any CPU.ActiveCfg = Debug|Any CPU
		{B1A404B5-8799-4DCC-B840-B9CDF6AFBB61}.Debug|Any CPU.Build.0 = Debug|Any CPU
		{B1A404B5-8799-4DCC-B840-B9CDF6AFBB61}.Release|Any CPU.ActiveCfg = Release|Any CPU
		{B1A404B5-8799-4DCC-B840-B9CDF6AFBB61}.Release|Any CPU.Build.0 = Release|Any CPU
		{30A5C195-4D27-4356-9BEE-DAAC3CF3774B}.Debug|Any CPU.ActiveCfg = Debug|Any CPU
		{30A5C195-4D27-4356-9BEE-DAAC3CF3774B}.Debug|Any CPU.Build.0 = Debug|Any CPU
		{30A5C195-4D27-4356-9BEE-DAAC3CF3774B}.Release|Any CPU.ActiveCfg = Release|Any CPU
		{30A5C195-4D27-4356-9BEE-DAAC3CF3774B}.Release|Any CPU.Build.0 = Release|Any CPU
	EndGlobalSection
	GlobalSection(SolutionProperties) = preSolution
		HideSolutionNode = FALSE
	EndGlobalSection
	GlobalSection(ExtensibilityGlobals) = postSolution
		SolutionGuid = {266688E8-99CE-493D-85F9-340963F03B4E}
	EndGlobalSection
EndGlobal
